
Microsoft Visual Studio Solution File, Format Version 12.00
# Visual Studio 14
VisualStudioVersion = 14.0.24720.0
MinimumVisualStudioVersion = 10.0.40219.1
Project("{FAE04EC0-301F-11D3-BF4B-00C04F79EFBC}") = "RabbitHarness", "src\RabbitHarness\RabbitHarness.csproj", "{24ADE94E-93F4-4259-B13A-2D5ABC12CD87}"
EndProject
Project("{FAE04EC0-301F-11D3-BF4B-00C04F79EFBC}") = "RabbitHarness.Tests", "src\RabbitHarness.Tests\RabbitHarness.Tests.csproj", "{93E63814-8857-4E8C-95A9-84F70E89832B}"
EndProject
Global
	GlobalSection(SolutionConfigurationPlatforms) = preSolution
		Debug|Any CPU = Debug|Any CPU
		Release|Any CPU = Release|Any CPU
	EndGlobalSection
	GlobalSection(ProjectConfigurationPlatforms) = postSolution
		{24ADE94E-93F4-4259-B13A-2D5ABC12CD87}.Debug|Any CPU.ActiveCfg = Debug|Any CPU
		{24ADE94E-93F4-4259-B13A-2D5ABC12CD87}.Debug|Any CPU.Build.0 = Debug|Any CPU
		{24ADE94E-93F4-4259-B13A-2D5ABC12CD87}.Release|Any CPU.ActiveCfg = Release|Any CPU
		{24ADE94E-93F4-4259-B13A-2D5ABC12CD87}.Release|Any CPU.Build.0 = Release|Any CPU
		{93E63814-8857-4E8C-95A9-84F70E89832B}.Debug|Any CPU.ActiveCfg = Debug|Any CPU
		{93E63814-8857-4E8C-95A9-84F70E89832B}.Debug|Any CPU.Build.0 = Debug|Any CPU
		{93E63814-8857-4E8C-95A9-84F70E89832B}.Release|Any CPU.ActiveCfg = Release|Any CPU
		{93E63814-8857-4E8C-95A9-84F70E89832B}.Release|Any CPU.Build.0 = Release|Any CPU
	EndGlobalSection
	GlobalSection(SolutionProperties) = preSolution
		HideSolutionNode = FALSE
	EndGlobalSection
EndGlobal
